// !$*UTF8*$!
{
	archiveVersion = 1;
	classes = {
	};
	objectVersion = 56;
	objects = {

/* Begin PBXBuildFile section */
		558F66B42D8DFD4800ADB9B4 /* main.swift in Sources */ = {isa = PBXBuildFile; fileRef = 558F66B32D8DFD4800ADB9B4 /* main.swift */; };
		558F66C42D8DFDE500ADB9B4 /* ModoJogo.swift in Sources */ = {isa = PBXBuildFile; fileRef = 558F66BE2D8DFDE500ADB9B4 /* ModoJogo.swift */; };
		558F66C52D8DFDE500ADB9B4 /* TopicosEstudo.swift in Sources */ = {isa = PBXBuildFile; fileRef = 558F66BF2D8DFDE500ADB9B4 /* TopicosEstudo.swift */; };
		558F66C62D8DFDE500ADB9B4 /* Menu.swift in Sources */ = {isa = PBXBuildFile; fileRef = 558F66C02D8DFDE500ADB9B4 /* Menu.swift */; };
		558F66C72D8DFDE500ADB9B4 /* MenuPrincipal.swift in Sources */ = {isa = PBXBuildFile; fileRef = 558F66C12D8DFDE500ADB9B4 /* MenuPrincipal.swift */; };
		558F66C82D8DFDE500ADB9B4 /* SelecionarIdioma.swift in Sources */ = {isa = PBXBuildFile; fileRef = 558F66C22D8DFDE500ADB9B4 /* SelecionarIdioma.swift */; };
		558F66C92D8DFDE500ADB9B4 /* Exercicio.swift in Sources */ = {isa = PBXBuildFile; fileRef = 558F66C32D8DFDE500ADB9B4 /* Exercicio.swift */; };
		558F66CD2D8DFDFD00ADB9B4 /* Helpers.swift in Sources */ = {isa = PBXBuildFile; fileRef = 558F66CA2D8DFDFD00ADB9B4 /* Helpers.swift */; };
		558F66CE2D8DFDFD00ADB9B4 /* LimparTerminal.swift in Sources */ = {isa = PBXBuildFile; fileRef = 558F66CB2D8DFDFD00ADB9B4 /* LimparTerminal.swift */; };
		558F66CF2D8DFDFD00ADB9B4 /* Perguntas.swift in Sources */ = {isa = PBXBuildFile; fileRef = 558F66CC2D8DFDFD00ADB9B4 /* Perguntas.swift */; };
		558F66D32D8DFE0800ADB9B4 /* RotinaDiaria.swift in Sources */ = {isa = PBXBuildFile; fileRef = 558F66D02D8DFE0800ADB9B4 /* RotinaDiaria.swift */; };
		558F66D42D8DFE0800ADB9B4 /* ViagemMundo.swift in Sources */ = {isa = PBXBuildFile; fileRef = 558F66D12D8DFE0800ADB9B4 /* ViagemMundo.swift */; };
		558F66D52D8DFE0800ADB9B4 /* ComprasMercado.swift in Sources */ = {isa = PBXBuildFile; fileRef = 558F66D22D8DFE0800ADB9B4 /* ComprasMercado.swift */; };
		558F66D92D8DFE1300ADB9B4 /* DescubraAPalavraOculta.swift in Sources */ = {isa = PBXBuildFile; fileRef = 558F66D62D8DFE1300ADB9B4 /* DescubraAPalavraOculta.swift */; };
		558F66DA2D8DFE1300ADB9B4 /* OuvirETraduzir.swift in Sources */ = {isa = PBXBuildFile; fileRef = 558F66D72D8DFE1300ADB9B4 /* OuvirETraduzir.swift */; };
		558F66DB2D8DFE1300ADB9B4 /* SelecioneATraduçãoCorreta.swift in Sources */ = {isa = PBXBuildFile; fileRef = 558F66D82D8DFE1300ADB9B4 /* SelecioneATraduçãoCorreta.swift */; };
/* End PBXBuildFile section */

/* Begin PBXCopyFilesBuildPhase section */
		558F66AE2D8DFD4800ADB9B4 /* CopyFiles */ = {
			isa = PBXCopyFilesBuildPhase;
			buildActionMask = 2147483647;
			dstPath = /usr/share/man/man1/;
			dstSubfolderSpec = 0;
			files = (
			);
			runOnlyForDeploymentPostprocessing = 1;
		};
/* End PBXCopyFilesBuildPhase section */

/* Begin PBXFileReference section */
		558F66B02D8DFD4800ADB9B4 /* FluentQuest */ = {isa = PBXFileReference; explicitFileType = "compiled.mach-o.executable"; includeInIndex = 0; path = FluentQuest; sourceTree = BUILT_PRODUCTS_DIR; };
		558F66B32D8DFD4800ADB9B4 /* main.swift */ = {isa = PBXFileReference; lastKnownFileType = sourcecode.swift; path = main.swift; sourceTree = "<group>"; };
		558F66BE2D8DFDE500ADB9B4 /* ModoJogo.swift */ = {isa = PBXFileReference; fileEncoding = 4; lastKnownFileType = sourcecode.swift; path = ModoJogo.swift; sourceTree = "<group>"; };
		558F66BF2D8DFDE500ADB9B4 /* TopicosEstudo.swift */ = {isa = PBXFileReference; fileEncoding = 4; lastKnownFileType = sourcecode.swift; path = TopicosEstudo.swift; sourceTree = "<group>"; };
		558F66C02D8DFDE500ADB9B4 /* Menu.swift */ = {isa = PBXFileReference; fileEncoding = 4; lastKnownFileType = sourcecode.swift; path = Menu.swift; sourceTree = "<group>"; };
		558F66C12D8DFDE500ADB9B4 /* MenuPrincipal.swift */ = {isa = PBXFileReference; fileEncoding = 4; lastKnownFileType = sourcecode.swift; path = MenuPrincipal.swift; sourceTree = "<group>"; };
		558F66C22D8DFDE500ADB9B4 /* SelecionarIdioma.swift */ = {isa = PBXFileReference; fileEncoding = 4; lastKnownFileType = sourcecode.swift; path = SelecionarIdioma.swift; sourceTree = "<group>"; };
		558F66C32D8DFDE500ADB9B4 /* Exercicio.swift */ = {isa = PBXFileReference; fileEncoding = 4; lastKnownFileType = sourcecode.swift; path = Exercicio.swift; sourceTree = "<group>"; };
		558F66CA2D8DFDFD00ADB9B4 /* Helpers.swift */ = {isa = PBXFileReference; fileEncoding = 4; lastKnownFileType = sourcecode.swift; path = Helpers.swift; sourceTree = "<group>"; };
		558F66CB2D8DFDFD00ADB9B4 /* LimparTerminal.swift */ = {isa = PBXFileReference; fileEncoding = 4; lastKnownFileType = sourcecode.swift; path = LimparTerminal.swift; sourceTree = "<group>"; };
		558F66CC2D8DFDFD00ADB9B4 /* Perguntas.swift */ = {isa = PBXFileReference; fileEncoding = 4; lastKnownFileType = sourcecode.swift; path = Perguntas.swift; sourceTree = "<group>"; };
		558F66D02D8DFE0800ADB9B4 /* RotinaDiaria.swift */ = {isa = PBXFileReference; fileEncoding = 4; lastKnownFileType = sourcecode.swift; path = RotinaDiaria.swift; sourceTree = "<group>"; };
		558F66D12D8DFE0800ADB9B4 /* ViagemMundo.swift */ = {isa = PBXFileReference; fileEncoding = 4; lastKnownFileType = sourcecode.swift; path = ViagemMundo.swift; sourceTree = "<group>"; };
		558F66D22D8DFE0800ADB9B4 /* ComprasMercado.swift */ = {isa = PBXFileReference; fileEncoding = 4; lastKnownFileType = sourcecode.swift; path = ComprasMercado.swift; sourceTree = "<group>"; };
		558F66D62D8DFE1300ADB9B4 /* DescubraAPalavraOculta.swift */ = {isa = PBXFileReference; fileEncoding = 4; lastKnownFileType = sourcecode.swift; path = DescubraAPalavraOculta.swift; sourceTree = "<group>"; };
		558F66D72D8DFE1300ADB9B4 /* OuvirETraduzir.swift */ = {isa = PBXFileReference; fileEncoding = 4; lastKnownFileType = sourcecode.swift; path = OuvirETraduzir.swift; sourceTree = "<group>"; };
		558F66D82D8DFE1300ADB9B4 /* SelecioneATraduçãoCorreta.swift */ = {isa = PBXFileReference; fileEncoding = 4; lastKnownFileType = sourcecode.swift; path = "SelecioneATraduçãoCorreta.swift"; sourceTree = "<group>"; };
/* End PBXFileReference section */

/* Begin PBXFrameworksBuildPhase section */
		558F66AD2D8DFD4800ADB9B4 /* Frameworks */ = {
			isa = PBXFrameworksBuildPhase;
			buildActionMask = 2147483647;
			files = (
			);
			runOnlyForDeploymentPostprocessing = 0;
		};
/* End PBXFrameworksBuildPhase section */

/* Begin PBXGroup section */
		558F66A72D8DFD4800ADB9B4 = {
			isa = PBXGroup;
			children = (
				558F66B22D8DFD4800ADB9B4 /* FluentQuest */,
				558F66B12D8DFD4800ADB9B4 /* Products */,
			);
			sourceTree = "<group>";
		};
		558F66B12D8DFD4800ADB9B4 /* Products */ = {
			isa = PBXGroup;
			children = (
				558F66B02D8DFD4800ADB9B4 /* FluentQuest */,
			);
			name = Products;
			sourceTree = "<group>";
		};
		558F66B22D8DFD4800ADB9B4 /* FluentQuest */ = {
			isa = PBXGroup;
			children = (
				558F66BD2D8DFDB900ADB9B4 /* Menu */,
				558F66BC2D8DFD9600ADB9B4 /* Utils */,
				558F66BB2D8DFD8900ADB9B4 /* Historia */,
				558F66BA2D8DFD7500ADB9B4 /* Exercícios */,
				558F66B32D8DFD4800ADB9B4 /* main.swift */,
			);
			path = FluentQuest;
			sourceTree = "<group>";
		};
		558F66BA2D8DFD7500ADB9B4 /* Exercícios */ = {
			isa = PBXGroup;
			children = (
				558F66D62D8DFE1300ADB9B4 /* DescubraAPalavraOculta.swift */,
				558F66D72D8DFE1300ADB9B4 /* OuvirETraduzir.swift */,
				558F66D82D8DFE1300ADB9B4 /* SelecioneATraduçãoCorreta.swift */,
			);
			name = "Exercícios";
			path = "Exercícios";
			sourceTree = "<group>";
		};
		558F66BB2D8DFD8900ADB9B4 /* Historia */ = {
			isa = PBXGroup;
			children = (
				558F66D22D8DFE0800ADB9B4 /* ComprasMercado.swift */,
				558F66D02D8DFE0800ADB9B4 /* RotinaDiaria.swift */,
				558F66D12D8DFE0800ADB9B4 /* ViagemMundo.swift */,
			);
			path = Historia;
			sourceTree = "<group>";
		};
		558F66BC2D8DFD9600ADB9B4 /* Utils */ = {
			isa = PBXGroup;
			children = (
				558F66CA2D8DFDFD00ADB9B4 /* Helpers.swift */,
				558F66CB2D8DFDFD00ADB9B4 /* LimparTerminal.swift */,
				558F66CC2D8DFDFD00ADB9B4 /* Perguntas.swift */,
			);
			path = Utils;
			sourceTree = "<group>";
		};
		558F66BD2D8DFDB900ADB9B4 /* Menu */ = {
			isa = PBXGroup;
			children = (
				558F66C32D8DFDE500ADB9B4 /* Exercicio.swift */,
				558F66C02D8DFDE500ADB9B4 /* Menu.swift */,
				558F66C12D8DFDE500ADB9B4 /* MenuPrincipal.swift */,
				558F66BE2D8DFDE500ADB9B4 /* ModoJogo.swift */,
				558F66C22D8DFDE500ADB9B4 /* SelecionarIdioma.swift */,
				558F66BF2D8DFDE500ADB9B4 /* TopicosEstudo.swift */,
			);
			path = Menu;
			sourceTree = "<group>";
		};
/* End PBXGroup section */

/* Begin PBXNativeTarget section */
		558F66AF2D8DFD4800ADB9B4 /* FluentQuest */ = {
			isa = PBXNativeTarget;
			buildConfigurationList = 558F66B72D8DFD4800ADB9B4 /* Build configuration list for PBXNativeTarget "FluentQuest" */;
			buildPhases = (
				558F66AC2D8DFD4800ADB9B4 /* Sources */,
				558F66AD2D8DFD4800ADB9B4 /* Frameworks */,
				558F66AE2D8DFD4800ADB9B4 /* CopyFiles */,
			);
			buildRules = (
			);
			dependencies = (
			);
			name = FluentQuest;
			productName = FluentQuest;
			productReference = 558F66B02D8DFD4800ADB9B4 /* FluentQuest */;
			productType = "com.apple.product-type.tool";
		};
/* End PBXNativeTarget section */

/* Begin PBXProject section */
		558F66A82D8DFD4800ADB9B4 /* Project object */ = {
			isa = PBXProject;
			attributes = {
				BuildIndependentTargetsInParallel = 1;
				LastSwiftUpdateCheck = 1400;
				LastUpgradeCheck = 1400;
				TargetAttributes = {
					558F66AF2D8DFD4800ADB9B4 = {
						CreatedOnToolsVersion = 14.0.1;
					};
				};
			};
			buildConfigurationList = 558F66AB2D8DFD4800ADB9B4 /* Build configuration list for PBXProject "FluentQuest" */;
			compatibilityVersion = "Xcode 14.0";
			developmentRegion = en;
			hasScannedForEncodings = 0;
			knownRegions = (
				en,
				Base,
			);
			mainGroup = 558F66A72D8DFD4800ADB9B4;
			productRefGroup = 558F66B12D8DFD4800ADB9B4 /* Products */;
			projectDirPath = "";
			projectRoot = "";
			targets = (
				558F66AF2D8DFD4800ADB9B4 /* FluentQuest */,
			);
		};
/* End PBXProject section */

/* Begin PBXSourcesBuildPhase section */
		558F66AC2D8DFD4800ADB9B4 /* Sources */ = {
			isa = PBXSourcesBuildPhase;
			buildActionMask = 2147483647;
			files = (
				558F66C72D8DFDE500ADB9B4 /* MenuPrincipal.swift in Sources */,
				558F66D32D8DFE0800ADB9B4 /* RotinaDiaria.swift in Sources */,
				558F66D92D8DFE1300ADB9B4 /* DescubraAPalavraOculta.swift in Sources */,
				558F66DB2D8DFE1300ADB9B4 /* SelecioneATraduçãoCorreta.swift in Sources */,
				558F66C52D8DFDE500ADB9B4 /* TopicosEstudo.swift in Sources */,
				558F66CE2D8DFDFD00ADB9B4 /* LimparTerminal.swift in Sources */,
				558F66D42D8DFE0800ADB9B4 /* ViagemMundo.swift in Sources */,
				558F66B42D8DFD4800ADB9B4 /* main.swift in Sources */,
				558F66CD2D8DFDFD00ADB9B4 /* Helpers.swift in Sources */,
				558F66C82D8DFDE500ADB9B4 /* SelecionarIdioma.swift in Sources */,
				558F66C92D8DFDE500ADB9B4 /* Exercicio.swift in Sources */,
				558F66CF2D8DFDFD00ADB9B4 /* Perguntas.swift in Sources */,
				558F66C62D8DFDE500ADB9B4 /* Menu.swift in Sources */,
				558F66D52D8DFE0800ADB9B4 /* ComprasMercado.swift in Sources */,
				558F66C42D8DFDE500ADB9B4 /* ModoJogo.swift in Sources */,
				558F66DA2D8DFE1300ADB9B4 /* OuvirETraduzir.swift in Sources */,
			);
			runOnlyForDeploymentPostprocessing = 0;
		};
/* End PBXSourcesBuildPhase section */

/* Begin XCBuildConfiguration section */
		558F66B52D8DFD4800ADB9B4 /* Debug */ = {
			isa = XCBuildConfiguration;
			buildSettings = {
				ALWAYS_SEARCH_USER_PATHS = NO;
				CLANG_ANALYZER_NONNULL = YES;
				CLANG_ANALYZER_NUMBER_OBJECT_CONVERSION = YES_AGGRESSIVE;
				CLANG_CXX_LANGUAGE_STANDARD = "gnu++20";
				CLANG_ENABLE_MODULES = YES;
				CLANG_ENABLE_OBJC_ARC = YES;
				CLANG_ENABLE_OBJC_WEAK = YES;
				CLANG_WARN_BLOCK_CAPTURE_AUTORELEASING = YES;
				CLANG_WARN_BOOL_CONVERSION = YES;
				CLANG_WARN_COMMA = YES;
				CLANG_WARN_CONSTANT_CONVERSION = YES;
				CLANG_WARN_DEPRECATED_OBJC_IMPLEMENTATIONS = YES;
				CLANG_WARN_DIRECT_OBJC_ISA_USAGE = YES_ERROR;
				CLANG_WARN_DOCUMENTATION_COMMENTS = YES;
				CLANG_WARN_EMPTY_BODY = YES;
				CLANG_WARN_ENUM_CONVERSION = YES;
				CLANG_WARN_INFINITE_RECURSION = YES;
				CLANG_WARN_INT_CONVERSION = YES;
				CLANG_WARN_NON_LITERAL_NULL_CONVERSION = YES;
				CLANG_WARN_OBJC_IMPLICIT_RETAIN_SELF = YES;
				CLANG_WARN_OBJC_LITERAL_CONVERSION = YES;
				CLANG_WARN_OBJC_ROOT_CLASS = YES_ERROR;
				CLANG_WARN_QUOTED_INCLUDE_IN_FRAMEWORK_HEADER = YES;
				CLANG_WARN_RANGE_LOOP_ANALYSIS = YES;
				CLANG_WARN_STRICT_PROTOTYPES = YES;
				CLANG_WARN_SUSPICIOUS_MOVE = YES;
				CLANG_WARN_UNGUARDED_AVAILABILITY = YES_AGGRESSIVE;
				CLANG_WARN_UNREACHABLE_CODE = YES;
				CLANG_WARN__DUPLICATE_METHOD_MATCH = YES;
				COPY_PHASE_STRIP = NO;
				DEBUG_INFORMATION_FORMAT = dwarf;
				ENABLE_STRICT_OBJC_MSGSEND = YES;
				ENABLE_TESTABILITY = YES;
				GCC_C_LANGUAGE_STANDARD = gnu11;
				GCC_DYNAMIC_NO_PIC = NO;
				GCC_NO_COMMON_BLOCKS = YES;
				GCC_OPTIMIZATION_LEVEL = 0;
				GCC_PREPROCESSOR_DEFINITIONS = (
					"DEBUG=1",
					"$(inherited)",
				);
				GCC_WARN_64_TO_32_BIT_CONVERSION = YES;
				GCC_WARN_ABOUT_RETURN_TYPE = YES_ERROR;
				GCC_WARN_UNDECLARED_SELECTOR = YES;
				GCC_WARN_UNINITIALIZED_AUTOS = YES_AGGRESSIVE;
				GCC_WARN_UNUSED_FUNCTION = YES;
				GCC_WARN_UNUSED_VARIABLE = YES;
				MACOSX_DEPLOYMENT_TARGET = 12.3;
				MTL_ENABLE_DEBUG_INFO = INCLUDE_SOURCE;
				MTL_FAST_MATH = YES;
				ONLY_ACTIVE_ARCH = YES;
				SDKROOT = macosx;
				SWIFT_ACTIVE_COMPILATION_CONDITIONS = DEBUG;
				SWIFT_OPTIMIZATION_LEVEL = "-Onone";
			};
			name = Debug;
		};
		558F66B62D8DFD4800ADB9B4 /* Release */ = {
			isa = XCBuildConfiguration;
			buildSettings = {
				ALWAYS_SEARCH_USER_PATHS = NO;
				CLANG_ANALYZER_NONNULL = YES;
				CLANG_ANALYZER_NUMBER_OBJECT_CONVERSION = YES_AGGRESSIVE;
				CLANG_CXX_LANGUAGE_STANDARD = "gnu++20";
				CLANG_ENABLE_MODULES = YES;
				CLANG_ENABLE_OBJC_ARC = YES;
				CLANG_ENABLE_OBJC_WEAK = YES;
				CLANG_WARN_BLOCK_CAPTURE_AUTORELEASING = YES;
				CLANG_WARN_BOOL_CONVERSION = YES;
				CLANG_WARN_COMMA = YES;
				CLANG_WARN_CONSTANT_CONVERSION = YES;
				CLANG_WARN_DEPRECATED_OBJC_IMPLEMENTATIONS = YES;
				CLANG_WARN_DIRECT_OBJC_ISA_USAGE = YES_ERROR;
				CLANG_WARN_DOCUMENTATION_COMMENTS = YES;
				CLANG_WARN_EMPTY_BODY = YES;
				CLANG_WARN_ENUM_CONVERSION = YES;
				CLANG_WARN_INFINITE_RECURSION = YES;
				CLANG_WARN_INT_CONVERSION = YES;
				CLANG_WARN_NON_LITERAL_NULL_CONVERSION = YES;
				CLANG_WARN_OBJC_IMPLICIT_RETAIN_SELF = YES;
				CLANG_WARN_OBJC_LITERAL_CONVERSION = YES;
				CLANG_WARN_OBJC_ROOT_CLASS = YES_ERROR;
				CLANG_WARN_QUOTED_INCLUDE_IN_FRAMEWORK_HEADER = YES;
				CLANG_WARN_RANGE_LOOP_ANALYSIS = YES;
				CLANG_WARN_STRICT_PROTOTYPES = YES;
				CLANG_WARN_SUSPICIOUS_MOVE = YES;
				CLANG_WARN_UNGUARDED_AVAILABILITY = YES_AGGRESSIVE;
				CLANG_WARN_UNREACHABLE_CODE = YES;
				CLANG_WARN__DUPLICATE_METHOD_MATCH = YES;
				COPY_PHASE_STRIP = NO;
				DEBUG_INFORMATION_FORMAT = "dwarf-with-dsym";
				ENABLE_NS_ASSERTIONS = NO;
				ENABLE_STRICT_OBJC_MSGSEND = YES;
				GCC_C_LANGUAGE_STANDARD = gnu11;
				GCC_NO_COMMON_BLOCKS = YES;
				GCC_WARN_64_TO_32_BIT_CONVERSION = YES;
				GCC_WARN_ABOUT_RETURN_TYPE = YES_ERROR;
				GCC_WARN_UNDECLARED_SELECTOR = YES;
				GCC_WARN_UNINITIALIZED_AUTOS = YES_AGGRESSIVE;
				GCC_WARN_UNUSED_FUNCTION = YES;
				GCC_WARN_UNUSED_VARIABLE = YES;
				MACOSX_DEPLOYMENT_TARGET = 12.3;
				MTL_ENABLE_DEBUG_INFO = NO;
				MTL_FAST_MATH = YES;
				SDKROOT = macosx;
				SWIFT_COMPILATION_MODE = wholemodule;
				SWIFT_OPTIMIZATION_LEVEL = "-O";
			};
			name = Release;
		};
		558F66B82D8DFD4800ADB9B4 /* Debug */ = {
			isa = XCBuildConfiguration;
			buildSettings = {
				CODE_SIGN_STYLE = Automatic;
				PRODUCT_NAME = "$(TARGET_NAME)";
				SWIFT_VERSION = 5.0;
			};
			name = Debug;
		};
		558F66B92D8DFD4800ADB9B4 /* Release */ = {
			isa = XCBuildConfiguration;
			buildSettings = {
				CODE_SIGN_STYLE = Automatic;
				PRODUCT_NAME = "$(TARGET_NAME)";
				SWIFT_VERSION = 5.0;
			};
			name = Release;
		};
/* End XCBuildConfiguration section */

/* Begin XCConfigurationList section */
		558F66AB2D8DFD4800ADB9B4 /* Build configuration list for PBXProject "FluentQuest" */ = {
			isa = XCConfigurationList;
			buildConfigurations = (
				558F66B52D8DFD4800ADB9B4 /* Debug */,
				558F66B62D8DFD4800ADB9B4 /* Release */,
			);
			defaultConfigurationIsVisible = 0;
			defaultConfigurationName = Release;
		};
		558F66B72D8DFD4800ADB9B4 /* Build configuration list for PBXNativeTarget "FluentQuest" */ = {
			isa = XCConfigurationList;
			buildConfigurations = (
				558F66B82D8DFD4800ADB9B4 /* Debug */,
				558F66B92D8DFD4800ADB9B4 /* Release */,
			);
			defaultConfigurationIsVisible = 0;
			defaultConfigurationName = Release;
		};
/* End XCConfigurationList section */
	};
	rootObject = 558F66A82D8DFD4800ADB9B4 /* Project object */;
}
